
Microsoft Visual Studio Solution File, Format Version 12.00
# Visual Studio Version 17
VisualStudioVersion = 17.13.35931.197 d17.13
MinimumVisualStudioVersion = 10.0.40219.1
Project("{8BC9CEB8-8B4A-11D0-8D11-00A0C91BC942}") = "10Days", "10Days.vcxproj", "{4EF5B744-65E3-48BA-88CE-1A5FBA601569}"
EndProject
Global
	GlobalSection(SolutionConfigurationPlatforms) = preSolution
		Debug|x64 = Debug|x64
		Release|x64 = Release|x64
	EndGlobalSection
	GlobalSection(ProjectConfigurationPlatforms) = postSolution
		{4EF5B744-65E3-48BA-88CE-1A5FBA601569}.Debug|x64.ActiveCfg = Debug|x64
		{4EF5B744-65E3-48BA-88CE-1A5FBA601569}.Debug|x64.Build.0 = Debug|x64
		{4EF5B744-65E3-48BA-88CE-1A5FBA601569}.Release|x64.ActiveCfg = Release|x64
		{4EF5B744-65E3-48BA-88CE-1A5FBA601569}.Release|x64.Build.0 = Release|x64
	EndGlobalSection
	GlobalSection(SolutionProperties) = preSolution
		HideSolutionNode = FALSE
	EndGlobalSection
	GlobalSection(ExtensibilityGlobals) = postSolution
		SolutionGuid = {7BFB5253-5414-4333-82B2-C26FE024EE08}
	EndGlobalSection
EndGlobal
